// !$*UTF8*$!
{
	archiveVersion = 1;
	classes = {
	};
	objectVersion = 50;
	objects = {

/* Begin PBXBuildFile section */
		DB383E482268B18F00267C92 /* BoldCell.swift in Sources */ = {isa = PBXBuildFile; fileRef = DB383E472268B18F00267C92 /* BoldCell.swift */; };
		DB383E4A2268B1CC00267C92 /* BouncyView.swift in Sources */ = {isa = PBXBuildFile; fileRef = DB383E492268B1CC00267C92 /* BouncyView.swift */; };
		DB383E4C2268B21000267C92 /* Extensions.swift in Sources */ = {isa = PBXBuildFile; fileRef = DB383E4B2268B21000267C92 /* Extensions.swift */; };
		DB383E4D2268CEC800267C92 /* EditView.swift in Sources */ = {isa = PBXBuildFile; fileRef = DBBC0E5F22687AED004BD2EA /* EditView.swift */; };
		DB47CE0C22664AC200EA2F6E /* CreationObjectDataSource.swift in Sources */ = {isa = PBXBuildFile; fileRef = DB47CE0B22664AC200EA2F6E /* CreationObjectDataSource.swift */; };
		DB9C8C332264CD7D0071C104 /* Protocols.swift in Sources */ = {isa = PBXBuildFile; fileRef = DB9C8C322264CD7D0071C104 /* Protocols.swift */; };
		DB9C8C362264CE5D0071C104 /* OR.swift in Sources */ = {isa = PBXBuildFile; fileRef = DB9C8C352264CE5D0071C104 /* OR.swift */; };
		DB9C8C382264CE920071C104 /* GruppooFRL.swift in Sources */ = {isa = PBXBuildFile; fileRef = DB9C8C372264CE920071C104 /* GruppooFRL.swift */; };
		DB9C8C3A2264CEC90071C104 /* CilindroDoppioEffetto.swift in Sources */ = {isa = PBXBuildFile; fileRef = DB9C8C392264CEC90071C104 /* CilindroDoppioEffetto.swift */; };
		DB9C8C3C2264CEFC0071C104 /* Line.swift in Sources */ = {isa = PBXBuildFile; fileRef = DB9C8C3B2264CEFC0071C104 /* Line.swift */; };
		DB9C8C3E2264CF220071C104 /* TreDueMonostabileNC.swift in Sources */ = {isa = PBXBuildFile; fileRef = DB9C8C3D2264CF220071C104 /* TreDueMonostabileNC.swift */; };
		DB9C8C402264CF3E0071C104 /* Timer.swift in Sources */ = {isa = PBXBuildFile; fileRef = DB9C8C3F2264CF3E0071C104 /* Timer.swift */; };
		DB9C8C422264CF5B0071C104 /* CinqueDueBistabile.swift in Sources */ = {isa = PBXBuildFile; fileRef = DB9C8C412264CF5B0071C104 /* CinqueDueBistabile.swift */; };
		DB9C8C442264CF7A0071C104 /* Pulsante.swift in Sources */ = {isa = PBXBuildFile; fileRef = DB9C8C432264CF7A0071C104 /* Pulsante.swift */; };
		DB9C8C462264CF990071C104 /* Finecorsa.swift in Sources */ = {isa = PBXBuildFile; fileRef = DB9C8C452264CF990071C104 /* Finecorsa.swift */; };
		DB9C8C492264CFD20071C104 /* InputOutput.swift in Sources */ = {isa = PBXBuildFile; fileRef = DB9C8C482264CFD20071C104 /* InputOutput.swift */; };
		DB9DF3D5225DB5A500EDE365 /* ObjectsListDataSource.swift in Sources */ = {isa = PBXBuildFile; fileRef = DB9DF3D4225DB5A500EDE365 /* ObjectsListDataSource.swift */; };
		DBACB8642258B793007B3E6C /* AppDelegate.swift in Sources */ = {isa = PBXBuildFile; fileRef = DBACB8632258B793007B3E6C /* AppDelegate.swift */; };
		DBACB8662258B793007B3E6C /* GameScene.sks in Resources */ = {isa = PBXBuildFile; fileRef = DBACB8652258B793007B3E6C /* GameScene.sks */; };
		DBACB86A2258B793007B3E6C /* GameScene.swift in Sources */ = {isa = PBXBuildFile; fileRef = DBACB8692258B793007B3E6C /* GameScene.swift */; };
		DBACB86C2258B793007B3E6C /* GameViewController.swift in Sources */ = {isa = PBXBuildFile; fileRef = DBACB86B2258B793007B3E6C /* GameViewController.swift */; };
		DBACB86F2258B793007B3E6C /* Main.storyboard in Resources */ = {isa = PBXBuildFile; fileRef = DBACB86D2258B793007B3E6C /* Main.storyboard */; };
		DBACB8712258B794007B3E6C /* Assets.xcassets in Resources */ = {isa = PBXBuildFile; fileRef = DBACB8702258B794007B3E6C /* Assets.xcassets */; };
		DBACB8742258B794007B3E6C /* LaunchScreen.storyboard in Resources */ = {isa = PBXBuildFile; fileRef = DBACB8722258B794007B3E6C /* LaunchScreen.storyboard */; };
		DBACB8802258B812007B3E6C /* AND.swift in Sources */ = {isa = PBXBuildFile; fileRef = DBACB87D2258B812007B3E6C /* AND.swift */; };
		DBACB8822258B812007B3E6C /* PressableInput.swift in Sources */ = {isa = PBXBuildFile; fileRef = DBACB87F2258B812007B3E6C /* PressableInput.swift */; };
		DBE603FB22687CDA00564E90 /* Explosion.sks in Resources */ = {isa = PBXBuildFile; fileRef = DBE603F922687CDA00564E90 /* Explosion.sks */; };
		DBE603FC22687CDA00564E90 /* Assets.xcassets in Resources */ = {isa = PBXBuildFile; fileRef = DBE603FA22687CDA00564E90 /* Assets.xcassets */; };
/* End PBXBuildFile section */

/* Begin PBXFileReference section */
		DB383E472268B18F00267C92 /* BoldCell.swift */ = {isa = PBXFileReference; fileEncoding = 4; lastKnownFileType = sourcecode.swift; path = BoldCell.swift; sourceTree = "<group>"; };
		DB383E492268B1CC00267C92 /* BouncyView.swift */ = {isa = PBXFileReference; fileEncoding = 4; lastKnownFileType = sourcecode.swift; path = BouncyView.swift; sourceTree = "<group>"; };
		DB383E4B2268B21000267C92 /* Extensions.swift */ = {isa = PBXFileReference; fileEncoding = 4; lastKnownFileType = sourcecode.swift; path = Extensions.swift; sourceTree = "<group>"; };
		DB47CE0B22664AC200EA2F6E /* CreationObjectDataSource.swift */ = {isa = PBXFileReference; lastKnownFileType = sourcecode.swift; path = CreationObjectDataSource.swift; sourceTree = "<group>"; };
		DB9C8C322264CD7D0071C104 /* Protocols.swift */ = {isa = PBXFileReference; lastKnownFileType = sourcecode.swift; path = Protocols.swift; sourceTree = "<group>"; };
		DB9C8C352264CE5D0071C104 /* OR.swift */ = {isa = PBXFileReference; lastKnownFileType = sourcecode.swift; path = OR.swift; sourceTree = "<group>"; };
		DB9C8C372264CE920071C104 /* GruppooFRL.swift */ = {isa = PBXFileReference; lastKnownFileType = sourcecode.swift; path = GruppooFRL.swift; sourceTree = "<group>"; };
		DB9C8C392264CEC90071C104 /* CilindroDoppioEffetto.swift */ = {isa = PBXFileReference; lastKnownFileType = sourcecode.swift; path = CilindroDoppioEffetto.swift; sourceTree = "<group>"; };
		DB9C8C3B2264CEFC0071C104 /* Line.swift */ = {isa = PBXFileReference; lastKnownFileType = sourcecode.swift; path = Line.swift; sourceTree = "<group>"; };
		DB9C8C3D2264CF220071C104 /* TreDueMonostabileNC.swift */ = {isa = PBXFileReference; lastKnownFileType = sourcecode.swift; path = TreDueMonostabileNC.swift; sourceTree = "<group>"; };
		DB9C8C3F2264CF3E0071C104 /* Timer.swift */ = {isa = PBXFileReference; lastKnownFileType = sourcecode.swift; path = Timer.swift; sourceTree = "<group>"; };
		DB9C8C412264CF5B0071C104 /* CinqueDueBistabile.swift */ = {isa = PBXFileReference; lastKnownFileType = sourcecode.swift; path = CinqueDueBistabile.swift; sourceTree = "<group>"; };
		DB9C8C432264CF7A0071C104 /* Pulsante.swift */ = {isa = PBXFileReference; lastKnownFileType = sourcecode.swift; path = Pulsante.swift; sourceTree = "<group>"; };
		DB9C8C452264CF990071C104 /* Finecorsa.swift */ = {isa = PBXFileReference; lastKnownFileType = sourcecode.swift; path = Finecorsa.swift; sourceTree = "<group>"; };
		DB9C8C482264CFD20071C104 /* InputOutput.swift */ = {isa = PBXFileReference; lastKnownFileType = sourcecode.swift; path = InputOutput.swift; sourceTree = "<group>"; };
		DB9DF3D4225DB5A500EDE365 /* ObjectsListDataSource.swift */ = {isa = PBXFileReference; lastKnownFileType = sourcecode.swift; path = ObjectsListDataSource.swift; sourceTree = "<group>"; };
		DBACB8602258B793007B3E6C /* Pneumatica-SpriteKit-iOS.app */ = {isa = PBXFileReference; explicitFileType = wrapper.application; includeInIndex = 0; path = "Pneumatica-SpriteKit-iOS.app"; sourceTree = BUILT_PRODUCTS_DIR; };
		DBACB8632258B793007B3E6C /* AppDelegate.swift */ = {isa = PBXFileReference; lastKnownFileType = sourcecode.swift; path = AppDelegate.swift; sourceTree = "<group>"; };
		DBACB8652258B793007B3E6C /* GameScene.sks */ = {isa = PBXFileReference; lastKnownFileType = file.sks; path = GameScene.sks; sourceTree = "<group>"; };
		DBACB8692258B793007B3E6C /* GameScene.swift */ = {isa = PBXFileReference; lastKnownFileType = sourcecode.swift; path = GameScene.swift; sourceTree = "<group>"; };
		DBACB86B2258B793007B3E6C /* GameViewController.swift */ = {isa = PBXFileReference; lastKnownFileType = sourcecode.swift; path = GameViewController.swift; sourceTree = "<group>"; };
		DBACB86E2258B793007B3E6C /* Base */ = {isa = PBXFileReference; lastKnownFileType = file.storyboard; name = Base; path = Base.lproj/Main.storyboard; sourceTree = "<group>"; };
		DBACB8702258B794007B3E6C /* Assets.xcassets */ = {isa = PBXFileReference; lastKnownFileType = folder.assetcatalog; path = Assets.xcassets; sourceTree = "<group>"; };
		DBACB8732258B794007B3E6C /* Base */ = {isa = PBXFileReference; lastKnownFileType = file.storyboard; name = Base; path = Base.lproj/LaunchScreen.storyboard; sourceTree = "<group>"; };
		DBACB8752258B794007B3E6C /* Info.plist */ = {isa = PBXFileReference; lastKnownFileType = text.plist.xml; path = Info.plist; sourceTree = "<group>"; };
		DBACB87D2258B812007B3E6C /* AND.swift */ = {isa = PBXFileReference; fileEncoding = 4; lastKnownFileType = sourcecode.swift; path = AND.swift; sourceTree = "<group>"; };
		DBACB87F2258B812007B3E6C /* PressableInput.swift */ = {isa = PBXFileReference; fileEncoding = 4; lastKnownFileType = sourcecode.swift; path = PressableInput.swift; sourceTree = "<group>"; };
		DBBC0E5F22687AED004BD2EA /* EditView.swift */ = {isa = PBXFileReference; lastKnownFileType = sourcecode.swift; path = EditView.swift; sourceTree = "<group>"; };
		DBE603F922687CDA00564E90 /* Explosion.sks */ = {isa = PBXFileReference; lastKnownFileType = file.sks; path = Explosion.sks; sourceTree = "<group>"; };
		DBE603FA22687CDA00564E90 /* Assets.xcassets */ = {isa = PBXFileReference; lastKnownFileType = folder.assetcatalog; path = Assets.xcassets; sourceTree = "<group>"; };
		DBE603FD2268976500564E90 /* SKListView.swift */ = {isa = PBXFileReference; lastKnownFileType = sourcecode.swift; path = SKListView.swift; sourceTree = "<group>"; };
		DBE603FF22689F6C00564E90 /* LineNode.swift */ = {isa = PBXFileReference; lastKnownFileType = sourcecode.swift; path = LineNode.swift; sourceTree = "<group>"; };
		DBE604012268A38900564E90 /* ListNode.swift */ = {isa = PBXFileReference; lastKnownFileType = sourcecode.swift; path = ListNode.swift; sourceTree = "<group>"; };
/* End PBXFileReference section */

/* Begin PBXFrameworksBuildPhase section */
		DBACB85D2258B793007B3E6C /* Frameworks */ = {
			isa = PBXFrameworksBuildPhase;
			buildActionMask = 2147483647;
			files = (
			);
			runOnlyForDeploymentPostprocessing = 0;
		};
/* End PBXFrameworksBuildPhase section */

/* Begin PBXGroup section */
		DB9C8C342264CE330071C104 /* Objects */ = {
			isa = PBXGroup;
			children = (
				DBACB87D2258B812007B3E6C /* AND.swift */,
				DB9C8C352264CE5D0071C104 /* OR.swift */,
				DB9C8C372264CE920071C104 /* GruppooFRL.swift */,
				DB9C8C392264CEC90071C104 /* CilindroDoppioEffetto.swift */,
				DB9C8C3D2264CF220071C104 /* TreDueMonostabileNC.swift */,
				DB9C8C3F2264CF3E0071C104 /* Timer.swift */,
				DB9C8C412264CF5B0071C104 /* CinqueDueBistabile.swift */,
				DB9C8C432264CF7A0071C104 /* Pulsante.swift */,
				DB9C8C452264CF990071C104 /* Finecorsa.swift */,
			);
			path = Objects;
			sourceTree = "<group>";
		};
		DB9C8C472264CFC10071C104 /* Inputs */ = {
			isa = PBXGroup;
			children = (
				DBACB87F2258B812007B3E6C /* PressableInput.swift */,
				DB9C8C482264CFD20071C104 /* InputOutput.swift */,
			);
			path = Inputs;
			sourceTree = "<group>";
		};
		DB9C8C4A2264D0150071C104 /* Bus */ = {
			isa = PBXGroup;
			children = (
				DB9C8C3B2264CEFC0071C104 /* Line.swift */,
			);
			path = Bus;
			sourceTree = "<group>";
		};
		DB9DF3D3225DB57300EDE365 /* DataSources */ = {
			isa = PBXGroup;
			children = (
				DB9DF3D4225DB5A500EDE365 /* ObjectsListDataSource.swift */,
				DB47CE0B22664AC200EA2F6E /* CreationObjectDataSource.swift */,
			);
			path = DataSources;
			sourceTree = "<group>";
		};
		DBACB8572258B793007B3E6C = {
			isa = PBXGroup;
			children = (
				DBACB8622258B793007B3E6C /* Pneumatica-SpriteKit-iOS */,
				DBACB8612258B793007B3E6C /* Products */,
			);
			sourceTree = "<group>";
		};
		DBACB8612258B793007B3E6C /* Products */ = {
			isa = PBXGroup;
			children = (
				DBACB8602258B793007B3E6C /* Pneumatica-SpriteKit-iOS.app */,
			);
			name = Products;
			sourceTree = "<group>";
		};
		DBACB8622258B793007B3E6C /* Pneumatica-SpriteKit-iOS */ = {
			isa = PBXGroup;
			children = (
				DB383E4B2268B21000267C92 /* Extensions.swift */,
				DBE604032268B06C00564E90 /* Cells */,
				DBE603F822687CB600564E90 /* Particles */,
				DBBC0E5E22687AD5004BD2EA /* NOT_IN_USE */,
				DB9DF3D3225DB57300EDE365 /* DataSources */,
				DBACB87C2258B812007B3E6C /* Pneumatica */,
				DBACB87B2258B7B2007B3E6C /* Supporting Files */,
				DBACB8692258B793007B3E6C /* GameScene.swift */,
				DBACB86B2258B793007B3E6C /* GameViewController.swift */,
			);
			path = "Pneumatica-SpriteKit-iOS";
			sourceTree = "<group>";
		};
		DBACB87B2258B7B2007B3E6C /* Supporting Files */ = {
			isa = PBXGroup;
			children = (
				DBACB8652258B793007B3E6C /* GameScene.sks */,
				DBACB8632258B793007B3E6C /* AppDelegate.swift */,
				DBACB8702258B794007B3E6C /* Assets.xcassets */,
				DBACB8722258B794007B3E6C /* LaunchScreen.storyboard */,
				DBACB86D2258B793007B3E6C /* Main.storyboard */,
				DBACB8752258B794007B3E6C /* Info.plist */,
			);
			path = "Supporting Files";
			sourceTree = "<group>";
		};
		DBACB87C2258B812007B3E6C /* Pneumatica */ = {
			isa = PBXGroup;
			children = (
				DB9C8C4A2264D0150071C104 /* Bus */,
				DB9C8C472264CFC10071C104 /* Inputs */,
				DB9C8C342264CE330071C104 /* Objects */,
				DB9C8C322264CD7D0071C104 /* Protocols.swift */,
			);
			path = Pneumatica;
			sourceTree = "<group>";
		};
		DBBC0E5E22687AD5004BD2EA /* NOT_IN_USE */ = {
			isa = PBXGroup;
			children = (
				DBBC0E5F22687AED004BD2EA /* EditView.swift */,
				DBE603FD2268976500564E90 /* SKListView.swift */,
				DBE603FF22689F6C00564E90 /* LineNode.swift */,
				DBE604012268A38900564E90 /* ListNode.swift */,
			);
			path = NOT_IN_USE;
			sourceTree = "<group>";
		};
		DBE603F822687CB600564E90 /* Particles */ = {
			isa = PBXGroup;
			children = (
				DBE603F922687CDA00564E90 /* Explosion.sks */,
				DBE603FA22687CDA00564E90 /* Assets.xcassets */,
			);
			path = Particles;
			sourceTree = "<group>";
		};
		DBE604032268B06C00564E90 /* Cells */ = {
			isa = PBXGroup;
			children = (
				DB383E492268B1CC00267C92 /* BouncyView.swift */,
				DB383E472268B18F00267C92 /* BoldCell.swift */,
			);
			path = Cells;
			sourceTree = "<group>";
		};
/* End PBXGroup section */

/* Begin PBXNativeTarget section */
		DBACB85F2258B793007B3E6C /* Pneumatica-SpriteKit-iOS */ = {
			isa = PBXNativeTarget;
			buildConfigurationList = DBACB8782258B794007B3E6C /* Build configuration list for PBXNativeTarget "Pneumatica-SpriteKit-iOS" */;
			buildPhases = (
				DBACB85C2258B793007B3E6C /* Sources */,
				DBACB85D2258B793007B3E6C /* Frameworks */,
				DBACB85E2258B793007B3E6C /* Resources */,
			);
			buildRules = (
			);
			dependencies = (
			);
			name = "Pneumatica-SpriteKit-iOS";
			productName = "Pneumatica-SpriteKit-iOS";
			productReference = DBACB8602258B793007B3E6C /* Pneumatica-SpriteKit-iOS.app */;
			productType = "com.apple.product-type.application";
		};
/* End PBXNativeTarget section */

/* Begin PBXProject section */
		DBACB8582258B793007B3E6C /* Project object */ = {
			isa = PBXProject;
			attributes = {
				LastSwiftUpdateCheck = 1020;
				LastUpgradeCheck = 1020;
				ORGANIZATIONNAME = "Dani Tox";
				TargetAttributes = {
					DBACB85F2258B793007B3E6C = {
						CreatedOnToolsVersion = 10.2;
					};
				};
			};
			buildConfigurationList = DBACB85B2258B793007B3E6C /* Build configuration list for PBXProject "Pneumatica-SpriteKit-iOS" */;
			compatibilityVersion = "Xcode 9.3";
			developmentRegion = en;
			hasScannedForEncodings = 0;
			knownRegions = (
				en,
				Base,
			);
			mainGroup = DBACB8572258B793007B3E6C;
			productRefGroup = DBACB8612258B793007B3E6C /* Products */;
			projectDirPath = "";
			projectRoot = "";
			targets = (
				DBACB85F2258B793007B3E6C /* Pneumatica-SpriteKit-iOS */,
			);
		};
/* End PBXProject section */

/* Begin PBXResourcesBuildPhase section */
		DBACB85E2258B793007B3E6C /* Resources */ = {
			isa = PBXResourcesBuildPhase;
			buildActionMask = 2147483647;
			files = (
				DBACB86F2258B793007B3E6C /* Main.storyboard in Resources */,
				DBACB8662258B793007B3E6C /* GameScene.sks in Resources */,
				DBE603FB22687CDA00564E90 /* Explosion.sks in Resources */,
				DBACB8712258B794007B3E6C /* Assets.xcassets in Resources */,
				DBE603FC22687CDA00564E90 /* Assets.xcassets in Resources */,
				DBACB8742258B794007B3E6C /* LaunchScreen.storyboard in Resources */,
			);
			runOnlyForDeploymentPostprocessing = 0;
		};
/* End PBXResourcesBuildPhase section */

/* Begin PBXSourcesBuildPhase section */
		DBACB85C2258B793007B3E6C /* Sources */ = {
			isa = PBXSourcesBuildPhase;
			buildActionMask = 2147483647;
			files = (
				DBACB86A2258B793007B3E6C /* GameScene.swift in Sources */,
				DBACB86C2258B793007B3E6C /* GameViewController.swift in Sources */,
				DB383E4D2268CEC800267C92 /* EditView.swift in Sources */,
				DB9C8C362264CE5D0071C104 /* OR.swift in Sources */,
				DBACB8802258B812007B3E6C /* AND.swift in Sources */,
				DB9C8C462264CF990071C104 /* Finecorsa.swift in Sources */,
				DB9C8C402264CF3E0071C104 /* Timer.swift in Sources */,
				DBACB8642258B793007B3E6C /* AppDelegate.swift in Sources */,
				DBACB8822258B812007B3E6C /* PressableInput.swift in Sources */,
				DB47CE0C22664AC200EA2F6E /* CreationObjectDataSource.swift in Sources */,
				DB9C8C422264CF5B0071C104 /* CinqueDueBistabile.swift in Sources */,
				DB9DF3D5225DB5A500EDE365 /* ObjectsListDataSource.swift in Sources */,
				DB9C8C492264CFD20071C104 /* InputOutput.swift in Sources */,
				DB383E482268B18F00267C92 /* BoldCell.swift in Sources */,
				DB383E4C2268B21000267C92 /* Extensions.swift in Sources */,
				DB9C8C332264CD7D0071C104 /* Protocols.swift in Sources */,
				DB9C8C3C2264CEFC0071C104 /* Line.swift in Sources */,
				DB9C8C3A2264CEC90071C104 /* CilindroDoppioEffetto.swift in Sources */,
				DB9C8C382264CE920071C104 /* GruppooFRL.swift in Sources */,
				DB9C8C3E2264CF220071C104 /* TreDueMonostabileNC.swift in Sources */,
				DB383E4A2268B1CC00267C92 /* BouncyView.swift in Sources */,
				DB9C8C442264CF7A0071C104 /* Pulsante.swift in Sources */,
			);
			runOnlyForDeploymentPostprocessing = 0;
		};
/* End PBXSourcesBuildPhase section */

/* Begin PBXVariantGroup section */
		DBACB86D2258B793007B3E6C /* Main.storyboard */ = {
			isa = PBXVariantGroup;
			children = (
				DBACB86E2258B793007B3E6C /* Base */,
			);
			name = Main.storyboard;
			sourceTree = "<group>";
		};
		DBACB8722258B794007B3E6C /* LaunchScreen.storyboard */ = {
			isa = PBXVariantGroup;
			children = (
				DBACB8732258B794007B3E6C /* Base */,
			);
			name = LaunchScreen.storyboard;
			sourceTree = "<group>";
		};
/* End PBXVariantGroup section */

/* Begin XCBuildConfiguration section */
		DBACB8762258B794007B3E6C /* Debug */ = {
			isa = XCBuildConfiguration;
			buildSettings = {
				ALWAYS_SEARCH_USER_PATHS = NO;
				CLANG_ANALYZER_NONNULL = YES;
				CLANG_ANALYZER_NUMBER_OBJECT_CONVERSION = YES_AGGRESSIVE;
				CLANG_CXX_LANGUAGE_STANDARD = "gnu++14";
				CLANG_CXX_LIBRARY = "libc++";
				CLANG_ENABLE_MODULES = YES;
				CLANG_ENABLE_OBJC_ARC = YES;
				CLANG_ENABLE_OBJC_WEAK = YES;
				CLANG_WARN_BLOCK_CAPTURE_AUTORELEASING = YES;
				CLANG_WARN_BOOL_CONVERSION = YES;
				CLANG_WARN_COMMA = YES;
				CLANG_WARN_CONSTANT_CONVERSION = YES;
				CLANG_WARN_DEPRECATED_OBJC_IMPLEMENTATIONS = YES;
				CLANG_WARN_DIRECT_OBJC_ISA_USAGE = YES_ERROR;
				CLANG_WARN_DOCUMENTATION_COMMENTS = YES;
				CLANG_WARN_EMPTY_BODY = YES;
				CLANG_WARN_ENUM_CONVERSION = YES;
				CLANG_WARN_INFINITE_RECURSION = YES;
				CLANG_WARN_INT_CONVERSION = YES;
				CLANG_WARN_NON_LITERAL_NULL_CONVERSION = YES;
				CLANG_WARN_OBJC_IMPLICIT_RETAIN_SELF = YES;
				CLANG_WARN_OBJC_LITERAL_CONVERSION = YES;
				CLANG_WARN_OBJC_ROOT_CLASS = YES_ERROR;
				CLANG_WARN_RANGE_LOOP_ANALYSIS = YES;
				CLANG_WARN_STRICT_PROTOTYPES = YES;
				CLANG_WARN_SUSPICIOUS_MOVE = YES;
				CLANG_WARN_UNGUARDED_AVAILABILITY = YES_AGGRESSIVE;
				CLANG_WARN_UNREACHABLE_CODE = YES;
				CLANG_WARN__DUPLICATE_METHOD_MATCH = YES;
				CODE_SIGN_IDENTITY = "iPhone Developer";
				COPY_PHASE_STRIP = NO;
				DEBUG_INFORMATION_FORMAT = dwarf;
				ENABLE_STRICT_OBJC_MSGSEND = YES;
				ENABLE_TESTABILITY = YES;
				GCC_C_LANGUAGE_STANDARD = gnu11;
				GCC_DYNAMIC_NO_PIC = NO;
				GCC_NO_COMMON_BLOCKS = YES;
				GCC_OPTIMIZATION_LEVEL = 0;
				GCC_PREPROCESSOR_DEFINITIONS = (
					"DEBUG=1",
					"$(inherited)",
				);
				GCC_WARN_64_TO_32_BIT_CONVERSION = YES;
				GCC_WARN_ABOUT_RETURN_TYPE = YES_ERROR;
				GCC_WARN_UNDECLARED_SELECTOR = YES;
				GCC_WARN_UNINITIALIZED_AUTOS = YES_AGGRESSIVE;
				GCC_WARN_UNUSED_FUNCTION = YES;
				GCC_WARN_UNUSED_VARIABLE = YES;
				IPHONEOS_DEPLOYMENT_TARGET = 12.2;
				MTL_ENABLE_DEBUG_INFO = INCLUDE_SOURCE;
				MTL_FAST_MATH = YES;
				ONLY_ACTIVE_ARCH = YES;
				SDKROOT = iphoneos;
				SWIFT_ACTIVE_COMPILATION_CONDITIONS = DEBUG;
				SWIFT_OPTIMIZATION_LEVEL = "-Onone";
			};
			name = Debug;
		};
		DBACB8772258B794007B3E6C /* Release */ = {
			isa = XCBuildConfiguration;
			buildSettings = {
				ALWAYS_SEARCH_USER_PATHS = NO;
				CLANG_ANALYZER_NONNULL = YES;
				CLANG_ANALYZER_NUMBER_OBJECT_CONVERSION = YES_AGGRESSIVE;
				CLANG_CXX_LANGUAGE_STANDARD = "gnu++14";
				CLANG_CXX_LIBRARY = "libc++";
				CLANG_ENABLE_MODULES = YES;
				CLANG_ENABLE_OBJC_ARC = YES;
				CLANG_ENABLE_OBJC_WEAK = YES;
				CLANG_WARN_BLOCK_CAPTURE_AUTORELEASING = YES;
				CLANG_WARN_BOOL_CONVERSION = YES;
				CLANG_WARN_COMMA = YES;
				CLANG_WARN_CONSTANT_CONVERSION = YES;
				CLANG_WARN_DEPRECATED_OBJC_IMPLEMENTATIONS = YES;
				CLANG_WARN_DIRECT_OBJC_ISA_USAGE = YES_ERROR;
				CLANG_WARN_DOCUMENTATION_COMMENTS = YES;
				CLANG_WARN_EMPTY_BODY = YES;
				CLANG_WARN_ENUM_CONVERSION = YES;
				CLANG_WARN_INFINITE_RECURSION = YES;
				CLANG_WARN_INT_CONVERSION = YES;
				CLANG_WARN_NON_LITERAL_NULL_CONVERSION = YES;
				CLANG_WARN_OBJC_IMPLICIT_RETAIN_SELF = YES;
				CLANG_WARN_OBJC_LITERAL_CONVERSION = YES;
				CLANG_WARN_OBJC_ROOT_CLASS = YES_ERROR;
				CLANG_WARN_RANGE_LOOP_ANALYSIS = YES;
				CLANG_WARN_STRICT_PROTOTYPES = YES;
				CLANG_WARN_SUSPICIOUS_MOVE = YES;
				CLANG_WARN_UNGUARDED_AVAILABILITY = YES_AGGRESSIVE;
				CLANG_WARN_UNREACHABLE_CODE = YES;
				CLANG_WARN__DUPLICATE_METHOD_MATCH = YES;
				CODE_SIGN_IDENTITY = "iPhone Developer";
				COPY_PHASE_STRIP = NO;
				DEBUG_INFORMATION_FORMAT = "dwarf-with-dsym";
				ENABLE_NS_ASSERTIONS = NO;
				ENABLE_STRICT_OBJC_MSGSEND = YES;
				GCC_C_LANGUAGE_STANDARD = gnu11;
				GCC_NO_COMMON_BLOCKS = YES;
				GCC_WARN_64_TO_32_BIT_CONVERSION = YES;
				GCC_WARN_ABOUT_RETURN_TYPE = YES_ERROR;
				GCC_WARN_UNDECLARED_SELECTOR = YES;
				GCC_WARN_UNINITIALIZED_AUTOS = YES_AGGRESSIVE;
				GCC_WARN_UNUSED_FUNCTION = YES;
				GCC_WARN_UNUSED_VARIABLE = YES;
				IPHONEOS_DEPLOYMENT_TARGET = 12.2;
				MTL_ENABLE_DEBUG_INFO = NO;
				MTL_FAST_MATH = YES;
				SDKROOT = iphoneos;
				SWIFT_COMPILATION_MODE = wholemodule;
				SWIFT_OPTIMIZATION_LEVEL = "-O";
				VALIDATE_PRODUCT = YES;
			};
			name = Release;
		};
		DBACB8792258B794007B3E6C /* Debug */ = {
			isa = XCBuildConfiguration;
			buildSettings = {
				ASSETCATALOG_COMPILER_APPICON_NAME = AppIcon;
				CODE_SIGN_STYLE = Automatic;
				DEVELOPMENT_TEAM = R779A64KR9;
				INFOPLIST_FILE = "$(SRCROOT)/Pneumatica-SpriteKit-iOS/Supporting Files/Info.plist";
				IPHONEOS_DEPLOYMENT_TARGET = 11.3;
				LD_RUNPATH_SEARCH_PATHS = (
					"$(inherited)",
					"@executable_path/Frameworks",
				);
				PRODUCT_BUNDLE_IDENTIFIER = "com.danitox.Pneumatica-SpriteKit-iOS";
				PRODUCT_NAME = "$(TARGET_NAME)";
				SWIFT_VERSION = 5.0;
				TARGETED_DEVICE_FAMILY = "1,2";
			};
			name = Debug;
		};
		DBACB87A2258B794007B3E6C /* Release */ = {
			isa = XCBuildConfiguration;
			buildSettings = {
				ASSETCATALOG_COMPILER_APPICON_NAME = AppIcon;
				CODE_SIGN_STYLE = Automatic;
				DEVELOPMENT_TEAM = R779A64KR9;
				INFOPLIST_FILE = "$(SRCROOT)/Pneumatica-SpriteKit-iOS/Supporting Files/Info.plist";
				IPHONEOS_DEPLOYMENT_TARGET = 11.3;
				LD_RUNPATH_SEARCH_PATHS = (
					"$(inherited)",
					"@executable_path/Frameworks",
				);
				PRODUCT_BUNDLE_IDENTIFIER = "com.danitox.Pneumatica-SpriteKit-iOS";
				PRODUCT_NAME = "$(TARGET_NAME)";
				SWIFT_VERSION = 5.0;
				TARGETED_DEVICE_FAMILY = "1,2";
			};
			name = Release;
		};
/* End XCBuildConfiguration section */

/* Begin XCConfigurationList section */
		DBACB85B2258B793007B3E6C /* Build configuration list for PBXProject "Pneumatica-SpriteKit-iOS" */ = {
			isa = XCConfigurationList;
			buildConfigurations = (
				DBACB8762258B794007B3E6C /* Debug */,
				DBACB8772258B794007B3E6C /* Release */,
			);
			defaultConfigurationIsVisible = 0;
			defaultConfigurationName = Release;
		};
		DBACB8782258B794007B3E6C /* Build configuration list for PBXNativeTarget "Pneumatica-SpriteKit-iOS" */ = {
			isa = XCConfigurationList;
			buildConfigurations = (
				DBACB8792258B794007B3E6C /* Debug */,
				DBACB87A2258B794007B3E6C /* Release */,
			);
			defaultConfigurationIsVisible = 0;
			defaultConfigurationName = Release;
		};
/* End XCConfigurationList section */
	};
	rootObject = DBACB8582258B793007B3E6C /* Project object */;
}
